
Microsoft Visual Studio Solution File, Format Version 12.00
# Visual Studio Version 16
VisualStudioVersion = 16.0.30611.23
MinimumVisualStudioVersion = 10.0.40219.1
Project("{2150E333-8FDC-42A3-9474-1A3956D46DE8}") = "Submodules", "Submodules", "{8F1AAFEF-E759-4C9D-8C55-D18F2E7EC891}"
EndProject
Project("{2150E333-8FDC-42A3-9474-1A3956D46DE8}") = "Services", "Services", "{DB3BDBEE-18E6-4D2A-89EF-F11C2104EF81}"
EndProject
Project("{9A19103F-16F7-4668-BE54-9A1E7A4F7556}") = "SchedulerService", "services\SchedulerService\SchedulerService.csproj", "{5771F05A-F7D2-4D11-AECB-12420F868548}"
EndProject
Project("{2150E333-8FDC-42A3-9474-1A3956D46DE8}") = "BDotNetFramework", "BDotNetFramework", "{5401BCD2-166B-4F39-9360-031FCFD9D772}"
EndProject
Project("{2150E333-8FDC-42A3-9474-1A3956D46DE8}") = "Services", "Services", "{8F14D646-45BA-46ED-A260-447D0DBEAC62}"
EndProject
Project("{2150E333-8FDC-42A3-9474-1A3956D46DE8}") = "Utilities", "Utilities", "{8726A34D-587D-4544-8CF3-83870D9C9D74}"
EndProject
Project("{9A19103F-16F7-4668-BE54-9A1E7A4F7556}") = "BSecretManagementService", "submodules\BDotNetFramework\Services\BSecretManagementService\BSecretManagementService.csproj", "{05608816-C0DA-479D-9EC5-36158A401110}"
EndProject
Project("{D954291E-2A0B-460D-934E-DC6B0785DB48}") = "BServiceUtilities", "submodules\BDotNetFramework\Services\BServiceUtilities\BServiceUtilities.shproj", "{CD786AA9-0EFF-4445-B49C-FAE46451F8BC}"
EndProject
Project("{D954291E-2A0B-460D-934E-DC6B0785DB48}") = "BServiceUtilities-DatabaseService-AWS", "submodules\BDotNetFramework\Services\BServiceUtilities-DatabaseService-AWS\BServiceUtilities-DatabaseService-AWS.shproj", "{D41EDAE0-59E2-4FAF-9FDA-B36C7B22AC60}"
EndProject
Project("{D954291E-2A0B-460D-934E-DC6B0785DB48}") = "BServiceUtilities-DatabaseService-GC", "submodules\BDotNetFramework\Services\BServiceUtilities-DatabaseService-GC\BServiceUtilities-DatabaseService-GC.shproj", "{747F302D-F7A8-468B-BE17-0DFC46A1F181}"
EndProject
Project("{D954291E-2A0B-460D-934E-DC6B0785DB48}") = "BServiceUtilities-FileService-AWS", "submodules\BDotNetFramework\Services\BServiceUtilities-FileService-AWS\BServiceUtilities-FileService-AWS.shproj", "{1C6C3236-F3D0-41D7-8E27-25FC29439511}"
EndProject
Project("{D954291E-2A0B-460D-934E-DC6B0785DB48}") = "BServiceUtilities-FileService-GC", "submodules\BDotNetFramework\Services\BServiceUtilities-FileService-GC\BServiceUtilities-FileService-GC.shproj", "{C7D560AC-A66B-44E9-8634-26543A8EAD2D}"
EndProject
Project("{D954291E-2A0B-460D-934E-DC6B0785DB48}") = "BServiceUtilities-LoggingService-AWS", "submodules\BDotNetFramework\Services\BServiceUtilities-LoggingService-AWS\BServiceUtilities-LoggingService-AWS.shproj", "{1D64AFE7-5361-41BF-A1AC-95CE4B81D988}"
EndProject
Project("{D954291E-2A0B-460D-934E-DC6B0785DB48}") = "BServiceUtilities-LoggingService-GC", "submodules\BDotNetFramework\Services\BServiceUtilities-LoggingService-GC\BServiceUtilities-LoggingService-GC.shproj", "{ABF9C164-ADDE-4E24-B5D9-2B4247F323D9}"
EndProject
Project("{D954291E-2A0B-460D-934E-DC6B0785DB48}") = "BServiceUtilities-MailService-SendGrid", "submodules\BDotNetFramework\Services\BServiceUtilities-MailService-SendGrid\BServiceUtilities-MailService-SendGrid.shproj", "{66A97FF4-5D8D-44E4-B5A0-2875B566DCB9}"
EndProject
Project("{D954291E-2A0B-460D-934E-DC6B0785DB48}") = "BServiceUtilities-MemoryService-Redis", "submodules\BDotNetFramework\Services\BServiceUtilities-MemoryService-Redis\BServiceUtilities-MemoryService-Redis.shproj", "{5CF16D7B-E3ED-463B-BBD9-BA483A7EB4BE}"
EndProject
Project("{D954291E-2A0B-460D-934E-DC6B0785DB48}") = "BServiceUtilities-PubSubService-AWS", "submodules\BDotNetFramework\Services\BServiceUtilities-PubSubService-AWS\BServiceUtilities-PubSubService-AWS.shproj", "{6A9D7D85-897B-4660-B068-C8246BE79519}"
EndProject
Project("{D954291E-2A0B-460D-934E-DC6B0785DB48}") = "BServiceUtilities-PubSubService-GC", "submodules\BDotNetFramework\Services\BServiceUtilities-PubSubService-GC\BServiceUtilities-PubSubService-GC.shproj", "{1CE00F9B-1598-40BC-80B0-A184D2A68246}"
EndProject
Project("{D954291E-2A0B-460D-934E-DC6B0785DB48}") = "BServiceUtilities-PubSubService-Redis", "submodules\BDotNetFramework\Services\BServiceUtilities-PubSubService-Redis\BServiceUtilities-PubSubService-Redis.shproj", "{58D5D147-A1C6-4051-9CB0-1D4B44949AA6}"
EndProject
Project("{D954291E-2A0B-460D-934E-DC6B0785DB48}") = "BServiceUtilities-SMSService-Twilio", "submodules\BDotNetFramework\Services\BServiceUtilities-SMSService-Twilio\BServiceUtilities-SMSService-Twilio.shproj", "{B4DD4534-945F-4FD1-894D-E5AC2CC254FC}"
EndProject
Project("{D954291E-2A0B-460D-934E-DC6B0785DB48}") = "BServiceUtilities-TracingService-GC", "submodules\BDotNetFramework\Services\BServiceUtilities-TracingService-GC\BServiceUtilities-TracingService-GC.shproj", "{69BF3823-D5CD-42C4-BE63-8133A6D97A93}"
EndProject
Project("{D954291E-2A0B-460D-934E-DC6B0785DB48}") = "BServiceUtilities-TracingService-Zipkin", "submodules\BDotNetFramework\Services\BServiceUtilities-TracingService-Zipkin\BServiceUtilities-TracingService-Zipkin.shproj", "{18AFC8BD-2D17-40F0-B02C-34F67C5A7D79}"
EndProject
Project("{D954291E-2A0B-460D-934E-DC6B0785DB48}") = "BServiceUtilities-VMService-GC", "submodules\BDotNetFramework\Services\BServiceUtilities-VMService-GC\BServiceUtilities-VMService-GC.shproj", "{957218FD-0307-4215-B7C9-CA7D207A0309}"
EndProject
Project("{9A19103F-16F7-4668-BE54-9A1E7A4F7556}") = "BCloudServiceUtilities", "submodules\BDotNetFramework\Utilities\BCloudServiceUtilities\BCloudServiceUtilities.csproj", "{F74AF696-7A1C-4AF2-94F4-373241AE6E9E}"
EndProject
Project("{9A19103F-16F7-4668-BE54-9A1E7A4F7556}") = "BCloudServiceUtilities-BDatabaseService-AWS", "submodules\BDotNetFramework\Utilities\BCloudServiceUtilities-BDatabaseService-AWS\BCloudServiceUtilities-BDatabaseService-AWS.csproj", "{A9D91AF9-AAD8-4DB3-98DA-B4182547C7C0}"
EndProject
Project("{9A19103F-16F7-4668-BE54-9A1E7A4F7556}") = "BCloudServiceUtilities-BDatabaseService-GC", "submodules\BDotNetFramework\Utilities\BCloudServiceUtilities-BDatabaseService-GC\BCloudServiceUtilities-BDatabaseService-GC.csproj", "{61ECDA8A-4782-4AF7-9EE0-E6697F8E02A6}"
EndProject
Project("{9A19103F-16F7-4668-BE54-9A1E7A4F7556}") = "BCloudServiceUtilities-BDatabaseService-MongoDB", "submodules\BDotNetFramework\Utilities\BCloudServiceUtilities-BDatabaseService-MongoDB\BCloudServiceUtilities-BDatabaseService-MongoDB.csproj", "{C742B6EF-09E1-45A5-AD19-6019381E8EEF}"
EndProject
Project("{9A19103F-16F7-4668-BE54-9A1E7A4F7556}") = "BCloudServiceUtilities-BFileService-AWS", "submodules\BDotNetFramework\Utilities\BCloudServiceUtilities-BFileService-AWS\BCloudServiceUtilities-BFileService-AWS.csproj", "{0C357CD1-CA3F-4CE0-AD6A-983112F73B06}"
EndProject
Project("{9A19103F-16F7-4668-BE54-9A1E7A4F7556}") = "BCloudServiceUtilities-BFileService-GC", "submodules\BDotNetFramework\Utilities\BCloudServiceUtilities-BFileService-GC\BCloudServiceUtilities-BFileService-GC.csproj", "{C76335A2-0D96-4CCC-A099-9F94DE9B0DE6}"
EndProject
Project("{9A19103F-16F7-4668-BE54-9A1E7A4F7556}") = "BCloudServiceUtilities-BLoggingService-AWS", "submodules\BDotNetFramework\Utilities\BCloudServiceUtilities-BLoggingService-AWS\BCloudServiceUtilities-BLoggingService-AWS.csproj", "{6F1C82FE-F9C7-4D28-89E5-0EE3B2328975}"
EndProject
Project("{9A19103F-16F7-4668-BE54-9A1E7A4F7556}") = "BCloudServiceUtilities-BLoggingService-Basic", "submodules\BDotNetFramework\Utilities\BCloudServiceUtilities-BLoggingService-Basic\BCloudServiceUtilities-BLoggingService-Basic.csproj", "{39DF8371-35D0-4E3A-8E2B-03AA445B7C82}"
EndProject
Project("{9A19103F-16F7-4668-BE54-9A1E7A4F7556}") = "BCloudServiceUtilities-BLoggingService-GC", "submodules\BDotNetFramework\Utilities\BCloudServiceUtilities-BLoggingService-GC\BCloudServiceUtilities-BLoggingService-GC.csproj", "{0A468D58-DDC3-4668-BCC3-FA16AD6F7465}"
EndProject
Project("{9A19103F-16F7-4668-BE54-9A1E7A4F7556}") = "BCloudServiceUtilities-BMailService-SendGrid", "submodules\BDotNetFramework\Utilities\BCloudServiceUtilities-BMailService-SendGrid\BCloudServiceUtilities-BMailService-SendGrid.csproj", "{ABB2F6DE-EDE0-4760-87CD-63949E2F1113}"
EndProject
Project("{9A19103F-16F7-4668-BE54-9A1E7A4F7556}") = "BCloudServiceUtilities-BMemoryService-Redis", "submodules\BDotNetFramework\Utilities\BCloudServiceUtilities-BMemoryService-Redis\BCloudServiceUtilities-BMemoryService-Redis.csproj", "{1AB463F1-9608-4A88-A37C-E09BDEC1A5DD}"
EndProject
Project("{9A19103F-16F7-4668-BE54-9A1E7A4F7556}") = "BCloudServiceUtilities-BPresentationService-GC", "submodules\BDotNetFramework\Utilities\BCloudServiceUtilities-BPresentationService-GC\BCloudServiceUtilities-BPresentationService-GC.csproj", "{5107D61D-C7FE-40F5-84B8-5D3B154C1B28}"
EndProject
Project("{9A19103F-16F7-4668-BE54-9A1E7A4F7556}") = "BCloudServiceUtilities-BPubSubService-AWS", "submodules\BDotNetFramework\Utilities\BCloudServiceUtilities-BPubSubService-AWS\BCloudServiceUtilities-BPubSubService-AWS.csproj", "{A2C96A81-FA2F-4BB4-9267-E522E11FAEA2}"
EndProject
Project("{9A19103F-16F7-4668-BE54-9A1E7A4F7556}") = "BCloudServiceUtilities-BPubSubService-GC", "submodules\BDotNetFramework\Utilities\BCloudServiceUtilities-BPubSubService-GC\BCloudServiceUtilities-BPubSubService-GC.csproj", "{EE65E485-6ED5-4108-9218-0F1DA8E17720}"
EndProject
Project("{9A19103F-16F7-4668-BE54-9A1E7A4F7556}") = "BCloudServiceUtilities-BPubSubService-Redis", "submodules\BDotNetFramework\Utilities\BCloudServiceUtilities-BPubSubService-Redis\BCloudServiceUtilities-BPubSubService-Redis.csproj", "{C73E50F3-814B-46E9-BD60-426B495254CB}"
EndProject
Project("{9A19103F-16F7-4668-BE54-9A1E7A4F7556}") = "BCloudServiceUtilities-BSMSService-Twilio", "submodules\BDotNetFramework\Utilities\BCloudServiceUtilities-BSMSService-Twilio\BCloudServiceUtilities-BSMSService-Twilio.csproj", "{23D5ADB9-96BD-41F0-888A-3DB0EF069535}"
EndProject
Project("{9A19103F-16F7-4668-BE54-9A1E7A4F7556}") = "BCloudServiceUtilities-BTracingService-GC", "submodules\BDotNetFramework\Utilities\BCloudServiceUtilities-BTracingService-GC\BCloudServiceUtilities-BTracingService-GC.csproj", "{EAACC910-F98B-49CF-BA8C-FEECEEAFFDA6}"
EndProject
Project("{9A19103F-16F7-4668-BE54-9A1E7A4F7556}") = "BCloudServiceUtilities-BTracingService-Zipkin", "submodules\BDotNetFramework\Utilities\BCloudServiceUtilities-BTracingService-Zipkin\BCloudServiceUtilities-BTracingService-Zipkin.csproj", "{9E59FBD7-CC77-414C-9663-F9EF63895035}"
EndProject
Project("{9A19103F-16F7-4668-BE54-9A1E7A4F7556}") = "BCloudServiceUtilities-BVMService-GC", "submodules\BDotNetFramework\Utilities\BCloudServiceUtilities-BVMService-GC\BCloudServiceUtilities-BVMService-GC.csproj", "{D08540AD-7628-4028-9939-640227013C49}"
EndProject
Project("{9A19103F-16F7-4668-BE54-9A1E7A4F7556}") = "BCommonUtilities", "submodules\BDotNetFramework\Utilities\BCommonUtilities\BCommonUtilities.csproj", "{ABC4E0F5-8B7D-43AD-B7C4-E1BD5185B667}"
EndProject
Project("{9A19103F-16F7-4668-BE54-9A1E7A4F7556}") = "BCloudServiceUtilities-Tests", "submodules\BDotNetFramework\Utilities\BCloudServiceUtilities-Tests\BCloudServiceUtilities-Tests.csproj", "{173A1A1D-E4E9-42C1-BAA8-DF5FCE7ED330}"
EndProject
Project("{9A19103F-16F7-4668-BE54-9A1E7A4F7556}") = "BWebServiceUtilities", "submodules\BDotNetFramework\Utilities\BWebServiceUtilities\BWebServiceUtilities.csproj", "{4EE00686-D8E5-4622-8B9E-711E51103002}"
EndProject
Project("{9A19103F-16F7-4668-BE54-9A1E7A4F7556}") = "BWebServiceUtilities-GC", "submodules\BDotNetFramework\Utilities\BWebServiceUtilities-GC\BWebServiceUtilities-GC.csproj", "{3BB511F2-C98F-456F-82DC-E807793C1B82}"
EndProject
Project("{D954291E-2A0B-460D-934E-DC6B0785DB48}") = "ServiceUtilities_All", "submodules\BDotNetFramework\Utilities\ServiceUtilities_All\ServiceUtilities_All.shproj", "{CED4E48F-9644-4DCF-A6A2-1D91EEF01D87}"
EndProject
Project("{D954291E-2A0B-460D-934E-DC6B0785DB48}") = "ServiceUtilities_PubSub_DB_Users", "submodules\BDotNetFramework\Utilities\ServiceUtilities_PubSub_DB_Users\ServiceUtilities_PubSub_DB_Users.shproj", "{F87B8C2B-AD95-4C42-8D8E-DF69483A6139}"
EndProject
Project("{D954291E-2A0B-460D-934E-DC6B0785DB48}") = "ServiceUtilities_PubSub_Users", "submodules\BDotNetFramework\Utilities\ServiceUtilities_PubSub_Users\ServiceUtilities_PubSub_Users.shproj", "{BECBE5E8-7D82-4EC0-996F-380D24E065F1}"
EndProject
Global
	GlobalSection(SharedMSBuildProjectFiles) = preSolution
		submodules\BDotNetFramework\Services\BServiceUtilities-FileService-GC\BServiceUtilities-FileService-GC.projitems*{05608816-c0da-479d-9ec5-36158a401110}*SharedItemsImports = 5
		submodules\BDotNetFramework\Services\BServiceUtilities-TracingService-GC\BServiceUtilities-TracingService-GC.projitems*{05608816-c0da-479d-9ec5-36158a401110}*SharedItemsImports = 5
		submodules\BDotNetFramework\Services\BServiceUtilities\BServiceUtilities.projitems*{05608816-c0da-479d-9ec5-36158a401110}*SharedItemsImports = 5
		submodules\BDotNetFramework\Services\BServiceUtilities-TracingService-Zipkin\BServiceUtilities-TracingService-Zipkin.projitems*{18afc8bd-2d17-40f0-b02c-34f67c5a7d79}*SharedItemsImports = 13
		submodules\BDotNetFramework\Services\BServiceUtilities-FileService-AWS\BServiceUtilities-FileService-AWS.projitems*{1c6c3236-f3d0-41d7-8e27-25fc29439511}*SharedItemsImports = 13
		submodules\BDotNetFramework\Services\BServiceUtilities-PubSubService-GC\BServiceUtilities-PubSubService-GC.projitems*{1ce00f9b-1598-40bc-80b0-a184d2a68246}*SharedItemsImports = 13
		submodules\BDotNetFramework\Services\BServiceUtilities-LoggingService-AWS\BServiceUtilities-LoggingService-AWS.projitems*{1d64afe7-5361-41bf-a1ac-95ce4b81d988}*SharedItemsImports = 13
		submodules\BDotNetFramework\Services\BServiceUtilities-DatabaseService-GC\BServiceUtilities-DatabaseService-GC.projitems*{5771f05a-f7d2-4d11-aecb-12420f868548}*SharedItemsImports = 5
		submodules\BDotNetFramework\Services\BServiceUtilities-TracingService-GC\BServiceUtilities-TracingService-GC.projitems*{5771f05a-f7d2-4d11-aecb-12420f868548}*SharedItemsImports = 5
		submodules\BDotNetFramework\Services\BServiceUtilities\BServiceUtilities.projitems*{5771f05a-f7d2-4d11-aecb-12420f868548}*SharedItemsImports = 5
		submodules\BDotNetFramework\Utilities\ServiceUtilities_All\ServiceUtilities_All.projitems*{5771f05a-f7d2-4d11-aecb-12420f868548}*SharedItemsImports = 5
		submodules\BDotNetFramework\Services\BServiceUtilities-PubSubService-Redis\BServiceUtilities-PubSubService-Redis.projitems*{58d5d147-a1c6-4051-9cb0-1d4b44949aa6}*SharedItemsImports = 13
		submodules\BDotNetFramework\Services\BServiceUtilities-MemoryService-Redis\BServiceUtilities-MemoryService-Redis.projitems*{5cf16d7b-e3ed-463b-bbd9-ba483a7eb4be}*SharedItemsImports = 13
		submodules\BDotNetFramework\Services\BServiceUtilities-MailService-SendGrid\BServiceUtilities-MailService-SendGrid.projitems*{66a97ff4-5d8d-44e4-b5a0-2875b566dcb9}*SharedItemsImports = 13
		submodules\BDotNetFramework\Services\BServiceUtilities-TracingService-GC\BServiceUtilities-TracingService-GC.projitems*{69bf3823-d5cd-42c4-be63-8133a6d97a93}*SharedItemsImports = 13
		submodules\BDotNetFramework\Services\BServiceUtilities-PubSubService-AWS\BServiceUtilities-PubSubService-AWS.projitems*{6a9d7d85-897b-4660-b068-c8246be79519}*SharedItemsImports = 13
		submodules\BDotNetFramework\Services\BServiceUtilities-DatabaseService-GC\BServiceUtilities-DatabaseService-GC.projitems*{747f302d-f7a8-468b-be17-0dfc46a1f181}*SharedItemsImports = 13
		submodules\BDotNetFramework\Services\BServiceUtilities-VMService-GC\BServiceUtilities-VMService-GC.projitems*{957218fd-0307-4215-b7c9-ca7d207a0309}*SharedItemsImports = 13
		submodules\BDotNetFramework\Services\BServiceUtilities-LoggingService-GC\BServiceUtilities-LoggingService-GC.projitems*{abf9c164-adde-4e24-b5d9-2b4247f323d9}*SharedItemsImports = 13
		submodules\BDotNetFramework\Services\BServiceUtilities-SMSService-Twilio\BServiceUtilities-SMSService-Twilio.projitems*{b4dd4534-945f-4fd1-894d-e5ac2cc254fc}*SharedItemsImports = 13
		submodules\BDotNetFramework\Utilities\ServiceUtilities_PubSub_Users\ServiceUtilities_PubSub_Users.projitems*{becbe5e8-7d82-4ec0-996f-380d24e065f1}*SharedItemsImports = 13
		submodules\BDotNetFramework\Services\BServiceUtilities-FileService-GC\BServiceUtilities-FileService-GC.projitems*{c7d560ac-a66b-44e9-8634-26543a8ead2d}*SharedItemsImports = 13
		submodules\BDotNetFramework\Services\BServiceUtilities\BServiceUtilities.projitems*{cd786aa9-0eff-4445-b49c-fae46451f8bc}*SharedItemsImports = 13
		submodules\BDotNetFramework\Utilities\ServiceUtilities_All\ServiceUtilities_All.projitems*{ced4e48f-9644-4dcf-a6a2-1d91eef01d87}*SharedItemsImports = 13
		submodules\BDotNetFramework\Services\BServiceUtilities-DatabaseService-AWS\BServiceUtilities-DatabaseService-AWS.projitems*{d41edae0-59e2-4faf-9fda-b36c7b22ac60}*SharedItemsImports = 13
		submodules\BDotNetFramework\Utilities\ServiceUtilities_PubSub_DB_Users\ServiceUtilities_PubSub_DB_Users.projitems*{f87b8c2b-ad95-4c42-8d8e-df69483a6139}*SharedItemsImports = 13
	EndGlobalSection
	GlobalSection(SolutionConfigurationPlatforms) = preSolution
		Debug|Any CPU = Debug|Any CPU
		Release|Any CPU = Release|Any CPU
	EndGlobalSection
	GlobalSection(ProjectConfigurationPlatforms) = postSolution
		{5771F05A-F7D2-4D11-AECB-12420F868548}.Debug|Any CPU.ActiveCfg = Debug|Any CPU
		{5771F05A-F7D2-4D11-AECB-12420F868548}.Debug|Any CPU.Build.0 = Debug|Any CPU
		{5771F05A-F7D2-4D11-AECB-12420F868548}.Release|Any CPU.ActiveCfg = Release|Any CPU
		{5771F05A-F7D2-4D11-AECB-12420F868548}.Release|Any CPU.Build.0 = Release|Any CPU
		{05608816-C0DA-479D-9EC5-36158A401110}.Debug|Any CPU.ActiveCfg = Debug|Any CPU
		{05608816-C0DA-479D-9EC5-36158A401110}.Debug|Any CPU.Build.0 = Debug|Any CPU
		{05608816-C0DA-479D-9EC5-36158A401110}.Release|Any CPU.ActiveCfg = Release|Any CPU
		{05608816-C0DA-479D-9EC5-36158A401110}.Release|Any CPU.Build.0 = Release|Any CPU
		{F74AF696-7A1C-4AF2-94F4-373241AE6E9E}.Debug|Any CPU.ActiveCfg = Debug|Any CPU
		{F74AF696-7A1C-4AF2-94F4-373241AE6E9E}.Debug|Any CPU.Build.0 = Debug|Any CPU
		{F74AF696-7A1C-4AF2-94F4-373241AE6E9E}.Release|Any CPU.ActiveCfg = Release|Any CPU
		{F74AF696-7A1C-4AF2-94F4-373241AE6E9E}.Release|Any CPU.Build.0 = Release|Any CPU
		{A9D91AF9-AAD8-4DB3-98DA-B4182547C7C0}.Debug|Any CPU.ActiveCfg = Debug|Any CPU
		{A9D91AF9-AAD8-4DB3-98DA-B4182547C7C0}.Debug|Any CPU.Build.0 = Debug|Any CPU
		{A9D91AF9-AAD8-4DB3-98DA-B4182547C7C0}.Release|Any CPU.ActiveCfg = Release|Any CPU
		{A9D91AF9-AAD8-4DB3-98DA-B4182547C7C0}.Release|Any CPU.Build.0 = Release|Any CPU
		{61ECDA8A-4782-4AF7-9EE0-E6697F8E02A6}.Debug|Any CPU.ActiveCfg = Debug|Any CPU
		{61ECDA8A-4782-4AF7-9EE0-E6697F8E02A6}.Debug|Any CPU.Build.0 = Debug|Any CPU
		{61ECDA8A-4782-4AF7-9EE0-E6697F8E02A6}.Release|Any CPU.ActiveCfg = Release|Any CPU
		{61ECDA8A-4782-4AF7-9EE0-E6697F8E02A6}.Release|Any CPU.Build.0 = Release|Any CPU
		{C742B6EF-09E1-45A5-AD19-6019381E8EEF}.Debug|Any CPU.ActiveCfg = Debug|Any CPU
		{C742B6EF-09E1-45A5-AD19-6019381E8EEF}.Debug|Any CPU.Build.0 = Debug|Any CPU
		{C742B6EF-09E1-45A5-AD19-6019381E8EEF}.Release|Any CPU.ActiveCfg = Release|Any CPU
		{C742B6EF-09E1-45A5-AD19-6019381E8EEF}.Release|Any CPU.Build.0 = Release|Any CPU
		{0C357CD1-CA3F-4CE0-AD6A-983112F73B06}.Debug|Any CPU.ActiveCfg = Debug|Any CPU
		{0C357CD1-CA3F-4CE0-AD6A-983112F73B06}.Debug|Any CPU.Build.0 = Debug|Any CPU
		{0C357CD1-CA3F-4CE0-AD6A-983112F73B06}.Release|Any CPU.ActiveCfg = Release|Any CPU
		{0C357CD1-CA3F-4CE0-AD6A-983112F73B06}.Release|Any CPU.Build.0 = Release|Any CPU
		{C76335A2-0D96-4CCC-A099-9F94DE9B0DE6}.Debug|Any CPU.ActiveCfg = Debug|Any CPU
		{C76335A2-0D96-4CCC-A099-9F94DE9B0DE6}.Debug|Any CPU.Build.0 = Debug|Any CPU
		{C76335A2-0D96-4CCC-A099-9F94DE9B0DE6}.Release|Any CPU.ActiveCfg = Release|Any CPU
		{C76335A2-0D96-4CCC-A099-9F94DE9B0DE6}.Release|Any CPU.Build.0 = Release|Any CPU
		{6F1C82FE-F9C7-4D28-89E5-0EE3B2328975}.Debug|Any CPU.ActiveCfg = Debug|Any CPU
		{6F1C82FE-F9C7-4D28-89E5-0EE3B2328975}.Debug|Any CPU.Build.0 = Debug|Any CPU
		{6F1C82FE-F9C7-4D28-89E5-0EE3B2328975}.Release|Any CPU.ActiveCfg = Release|Any CPU
		{6F1C82FE-F9C7-4D28-89E5-0EE3B2328975}.Release|Any CPU.Build.0 = Release|Any CPU
		{39DF8371-35D0-4E3A-8E2B-03AA445B7C82}.Debug|Any CPU.ActiveCfg = Debug|Any CPU
		{39DF8371-35D0-4E3A-8E2B-03AA445B7C82}.Debug|Any CPU.Build.0 = Debug|Any CPU
		{39DF8371-35D0-4E3A-8E2B-03AA445B7C82}.Release|Any CPU.ActiveCfg = Release|Any CPU
		{39DF8371-35D0-4E3A-8E2B-03AA445B7C82}.Release|Any CPU.Build.0 = Release|Any CPU
		{0A468D58-DDC3-4668-BCC3-FA16AD6F7465}.Debug|Any CPU.ActiveCfg = Debug|Any CPU
		{0A468D58-DDC3-4668-BCC3-FA16AD6F7465}.Debug|Any CPU.Build.0 = Debug|Any CPU
		{0A468D58-DDC3-4668-BCC3-FA16AD6F7465}.Release|Any CPU.ActiveCfg = Release|Any CPU
		{0A468D58-DDC3-4668-BCC3-FA16AD6F7465}.Release|Any CPU.Build.0 = Release|Any CPU
		{ABB2F6DE-EDE0-4760-87CD-63949E2F1113}.Debug|Any CPU.ActiveCfg = Debug|Any CPU
		{ABB2F6DE-EDE0-4760-87CD-63949E2F1113}.Debug|Any CPU.Build.0 = Debug|Any CPU
		{ABB2F6DE-EDE0-4760-87CD-63949E2F1113}.Release|Any CPU.ActiveCfg = Release|Any CPU
		{ABB2F6DE-EDE0-4760-87CD-63949E2F1113}.Release|Any CPU.Build.0 = Release|Any CPU
		{1AB463F1-9608-4A88-A37C-E09BDEC1A5DD}.Debug|Any CPU.ActiveCfg = Debug|Any CPU
		{1AB463F1-9608-4A88-A37C-E09BDEC1A5DD}.Debug|Any CPU.Build.0 = Debug|Any CPU
		{1AB463F1-9608-4A88-A37C-E09BDEC1A5DD}.Release|Any CPU.ActiveCfg = Release|Any CPU
		{1AB463F1-9608-4A88-A37C-E09BDEC1A5DD}.Release|Any CPU.Build.0 = Release|Any CPU
		{5107D61D-C7FE-40F5-84B8-5D3B154C1B28}.Debug|Any CPU.ActiveCfg = Debug|Any CPU
		{5107D61D-C7FE-40F5-84B8-5D3B154C1B28}.Debug|Any CPU.Build.0 = Debug|Any CPU
		{5107D61D-C7FE-40F5-84B8-5D3B154C1B28}.Release|Any CPU.ActiveCfg = Release|Any CPU
		{5107D61D-C7FE-40F5-84B8-5D3B154C1B28}.Release|Any CPU.Build.0 = Release|Any CPU
		{A2C96A81-FA2F-4BB4-9267-E522E11FAEA2}.Debug|Any CPU.ActiveCfg = Debug|Any CPU
		{A2C96A81-FA2F-4BB4-9267-E522E11FAEA2}.Debug|Any CPU.Build.0 = Debug|Any CPU
		{A2C96A81-FA2F-4BB4-9267-E522E11FAEA2}.Release|Any CPU.ActiveCfg = Release|Any CPU
		{A2C96A81-FA2F-4BB4-9267-E522E11FAEA2}.Release|Any CPU.Build.0 = Release|Any CPU
		{EE65E485-6ED5-4108-9218-0F1DA8E17720}.Debug|Any CPU.ActiveCfg = Debug|Any CPU
		{EE65E485-6ED5-4108-9218-0F1DA8E17720}.Debug|Any CPU.Build.0 = Debug|Any CPU
		{EE65E485-6ED5-4108-9218-0F1DA8E17720}.Release|Any CPU.ActiveCfg = Release|Any CPU
		{EE65E485-6ED5-4108-9218-0F1DA8E17720}.Release|Any CPU.Build.0 = Release|Any CPU
		{C73E50F3-814B-46E9-BD60-426B495254CB}.Debug|Any CPU.ActiveCfg = Debug|Any CPU
		{C73E50F3-814B-46E9-BD60-426B495254CB}.Debug|Any CPU.Build.0 = Debug|Any CPU
		{C73E50F3-814B-46E9-BD60-426B495254CB}.Release|Any CPU.ActiveCfg = Release|Any CPU
		{C73E50F3-814B-46E9-BD60-426B495254CB}.Release|Any CPU.Build.0 = Release|Any CPU
		{23D5ADB9-96BD-41F0-888A-3DB0EF069535}.Debug|Any CPU.ActiveCfg = Debug|Any CPU
		{23D5ADB9-96BD-41F0-888A-3DB0EF069535}.Debug|Any CPU.Build.0 = Debug|Any CPU
		{23D5ADB9-96BD-41F0-888A-3DB0EF069535}.Release|Any CPU.ActiveCfg = Release|Any CPU
		{23D5ADB9-96BD-41F0-888A-3DB0EF069535}.Release|Any CPU.Build.0 = Release|Any CPU
		{EAACC910-F98B-49CF-BA8C-FEECEEAFFDA6}.Debug|Any CPU.ActiveCfg = Debug|Any CPU
		{EAACC910-F98B-49CF-BA8C-FEECEEAFFDA6}.Debug|Any CPU.Build.0 = Debug|Any CPU
		{EAACC910-F98B-49CF-BA8C-FEECEEAFFDA6}.Release|Any CPU.ActiveCfg = Release|Any CPU
		{EAACC910-F98B-49CF-BA8C-FEECEEAFFDA6}.Release|Any CPU.Build.0 = Release|Any CPU
		{9E59FBD7-CC77-414C-9663-F9EF63895035}.Debug|Any CPU.ActiveCfg = Debug|Any CPU
		{9E59FBD7-CC77-414C-9663-F9EF63895035}.Debug|Any CPU.Build.0 = Debug|Any CPU
		{9E59FBD7-CC77-414C-9663-F9EF63895035}.Release|Any CPU.ActiveCfg = Release|Any CPU
		{9E59FBD7-CC77-414C-9663-F9EF63895035}.Release|Any CPU.Build.0 = Release|Any CPU
		{D08540AD-7628-4028-9939-640227013C49}.Debug|Any CPU.ActiveCfg = Debug|Any CPU
		{D08540AD-7628-4028-9939-640227013C49}.Debug|Any CPU.Build.0 = Debug|Any CPU
		{D08540AD-7628-4028-9939-640227013C49}.Release|Any CPU.ActiveCfg = Release|Any CPU
		{D08540AD-7628-4028-9939-640227013C49}.Release|Any CPU.Build.0 = Release|Any CPU
		{ABC4E0F5-8B7D-43AD-B7C4-E1BD5185B667}.Debug|Any CPU.ActiveCfg = Debug|Any CPU
		{ABC4E0F5-8B7D-43AD-B7C4-E1BD5185B667}.Debug|Any CPU.Build.0 = Debug|Any CPU
		{ABC4E0F5-8B7D-43AD-B7C4-E1BD5185B667}.Release|Any CPU.ActiveCfg = Release|Any CPU
		{ABC4E0F5-8B7D-43AD-B7C4-E1BD5185B667}.Release|Any CPU.Build.0 = Release|Any CPU
		{173A1A1D-E4E9-42C1-BAA8-DF5FCE7ED330}.Debug|Any CPU.ActiveCfg = Debug|Any CPU
		{173A1A1D-E4E9-42C1-BAA8-DF5FCE7ED330}.Debug|Any CPU.Build.0 = Debug|Any CPU
		{173A1A1D-E4E9-42C1-BAA8-DF5FCE7ED330}.Release|Any CPU.ActiveCfg = Release|Any CPU
		{173A1A1D-E4E9-42C1-BAA8-DF5FCE7ED330}.Release|Any CPU.Build.0 = Release|Any CPU
		{4EE00686-D8E5-4622-8B9E-711E51103002}.Debug|Any CPU.ActiveCfg = Debug|Any CPU
		{4EE00686-D8E5-4622-8B9E-711E51103002}.Debug|Any CPU.Build.0 = Debug|Any CPU
		{4EE00686-D8E5-4622-8B9E-711E51103002}.Release|Any CPU.ActiveCfg = Release|Any CPU
		{4EE00686-D8E5-4622-8B9E-711E51103002}.Release|Any CPU.Build.0 = Release|Any CPU
		{3BB511F2-C98F-456F-82DC-E807793C1B82}.Debug|Any CPU.ActiveCfg = Debug|Any CPU
		{3BB511F2-C98F-456F-82DC-E807793C1B82}.Debug|Any CPU.Build.0 = Debug|Any CPU
		{3BB511F2-C98F-456F-82DC-E807793C1B82}.Release|Any CPU.ActiveCfg = Release|Any CPU
		{3BB511F2-C98F-456F-82DC-E807793C1B82}.Release|Any CPU.Build.0 = Release|Any CPU
	EndGlobalSection
	GlobalSection(SolutionProperties) = preSolution
		HideSolutionNode = FALSE
	EndGlobalSection
	GlobalSection(NestedProjects) = preSolution
		{5771F05A-F7D2-4D11-AECB-12420F868548} = {DB3BDBEE-18E6-4D2A-89EF-F11C2104EF81}
		{5401BCD2-166B-4F39-9360-031FCFD9D772} = {8F1AAFEF-E759-4C9D-8C55-D18F2E7EC891}
		{8F14D646-45BA-46ED-A260-447D0DBEAC62} = {5401BCD2-166B-4F39-9360-031FCFD9D772}
		{8726A34D-587D-4544-8CF3-83870D9C9D74} = {5401BCD2-166B-4F39-9360-031FCFD9D772}
		{05608816-C0DA-479D-9EC5-36158A401110} = {8F14D646-45BA-46ED-A260-447D0DBEAC62}
		{CD786AA9-0EFF-4445-B49C-FAE46451F8BC} = {8F14D646-45BA-46ED-A260-447D0DBEAC62}
		{D41EDAE0-59E2-4FAF-9FDA-B36C7B22AC60} = {8F14D646-45BA-46ED-A260-447D0DBEAC62}
		{747F302D-F7A8-468B-BE17-0DFC46A1F181} = {8F14D646-45BA-46ED-A260-447D0DBEAC62}
		{1C6C3236-F3D0-41D7-8E27-25FC29439511} = {8F14D646-45BA-46ED-A260-447D0DBEAC62}
		{C7D560AC-A66B-44E9-8634-26543A8EAD2D} = {8F14D646-45BA-46ED-A260-447D0DBEAC62}
		{1D64AFE7-5361-41BF-A1AC-95CE4B81D988} = {8F14D646-45BA-46ED-A260-447D0DBEAC62}
		{ABF9C164-ADDE-4E24-B5D9-2B4247F323D9} = {8F14D646-45BA-46ED-A260-447D0DBEAC62}
		{66A97FF4-5D8D-44E4-B5A0-2875B566DCB9} = {8F14D646-45BA-46ED-A260-447D0DBEAC62}
		{5CF16D7B-E3ED-463B-BBD9-BA483A7EB4BE} = {8F14D646-45BA-46ED-A260-447D0DBEAC62}
		{6A9D7D85-897B-4660-B068-C8246BE79519} = {8F14D646-45BA-46ED-A260-447D0DBEAC62}
		{1CE00F9B-1598-40BC-80B0-A184D2A68246} = {8F14D646-45BA-46ED-A260-447D0DBEAC62}
		{58D5D147-A1C6-4051-9CB0-1D4B44949AA6} = {8F14D646-45BA-46ED-A260-447D0DBEAC62}
		{B4DD4534-945F-4FD1-894D-E5AC2CC254FC} = {8F14D646-45BA-46ED-A260-447D0DBEAC62}
		{69BF3823-D5CD-42C4-BE63-8133A6D97A93} = {8F14D646-45BA-46ED-A260-447D0DBEAC62}
		{18AFC8BD-2D17-40F0-B02C-34F67C5A7D79} = {8F14D646-45BA-46ED-A260-447D0DBEAC62}
		{957218FD-0307-4215-B7C9-CA7D207A0309} = {8F14D646-45BA-46ED-A260-447D0DBEAC62}
		{F74AF696-7A1C-4AF2-94F4-373241AE6E9E} = {8726A34D-587D-4544-8CF3-83870D9C9D74}
		{A9D91AF9-AAD8-4DB3-98DA-B4182547C7C0} = {8726A34D-587D-4544-8CF3-83870D9C9D74}
		{61ECDA8A-4782-4AF7-9EE0-E6697F8E02A6} = {8726A34D-587D-4544-8CF3-83870D9C9D74}
		{C742B6EF-09E1-45A5-AD19-6019381E8EEF} = {8726A34D-587D-4544-8CF3-83870D9C9D74}
		{0C357CD1-CA3F-4CE0-AD6A-983112F73B06} = {8726A34D-587D-4544-8CF3-83870D9C9D74}
		{C76335A2-0D96-4CCC-A099-9F94DE9B0DE6} = {8726A34D-587D-4544-8CF3-83870D9C9D74}
		{6F1C82FE-F9C7-4D28-89E5-0EE3B2328975} = {8726A34D-587D-4544-8CF3-83870D9C9D74}
		{39DF8371-35D0-4E3A-8E2B-03AA445B7C82} = {8726A34D-587D-4544-8CF3-83870D9C9D74}
		{0A468D58-DDC3-4668-BCC3-FA16AD6F7465} = {8726A34D-587D-4544-8CF3-83870D9C9D74}
		{ABB2F6DE-EDE0-4760-87CD-63949E2F1113} = {8726A34D-587D-4544-8CF3-83870D9C9D74}
		{1AB463F1-9608-4A88-A37C-E09BDEC1A5DD} = {8726A34D-587D-4544-8CF3-83870D9C9D74}
		{5107D61D-C7FE-40F5-84B8-5D3B154C1B28} = {8726A34D-587D-4544-8CF3-83870D9C9D74}
		{A2C96A81-FA2F-4BB4-9267-E522E11FAEA2} = {8726A34D-587D-4544-8CF3-83870D9C9D74}
		{EE65E485-6ED5-4108-9218-0F1DA8E17720} = {8726A34D-587D-4544-8CF3-83870D9C9D74}
		{C73E50F3-814B-46E9-BD60-426B495254CB} = {8726A34D-587D-4544-8CF3-83870D9C9D74}
		{23D5ADB9-96BD-41F0-888A-3DB0EF069535} = {8726A34D-587D-4544-8CF3-83870D9C9D74}
		{EAACC910-F98B-49CF-BA8C-FEECEEAFFDA6} = {8726A34D-587D-4544-8CF3-83870D9C9D74}
		{9E59FBD7-CC77-414C-9663-F9EF63895035} = {8726A34D-587D-4544-8CF3-83870D9C9D74}
		{D08540AD-7628-4028-9939-640227013C49} = {8726A34D-587D-4544-8CF3-83870D9C9D74}
		{ABC4E0F5-8B7D-43AD-B7C4-E1BD5185B667} = {8726A34D-587D-4544-8CF3-83870D9C9D74}
		{173A1A1D-E4E9-42C1-BAA8-DF5FCE7ED330} = {8726A34D-587D-4544-8CF3-83870D9C9D74}
		{4EE00686-D8E5-4622-8B9E-711E51103002} = {8726A34D-587D-4544-8CF3-83870D9C9D74}
		{3BB511F2-C98F-456F-82DC-E807793C1B82} = {8726A34D-587D-4544-8CF3-83870D9C9D74}
		{CED4E48F-9644-4DCF-A6A2-1D91EEF01D87} = {8726A34D-587D-4544-8CF3-83870D9C9D74}
		{F87B8C2B-AD95-4C42-8D8E-DF69483A6139} = {8726A34D-587D-4544-8CF3-83870D9C9D74}
		{BECBE5E8-7D82-4EC0-996F-380D24E065F1} = {8726A34D-587D-4544-8CF3-83870D9C9D74}
	EndGlobalSection
	GlobalSection(ExtensibilityGlobals) = postSolution
		SolutionGuid = {2D8F1337-AC30-4EA5-A064-08FF5A9C2AF5}
	EndGlobalSection
EndGlobal
